
Microsoft Visual Studio Solution File, Format Version 12.00
# Visual Studio Version 17
VisualStudioVersion = 17.8.34330.188
MinimumVisualStudioVersion = 10.0.40219.1
Project("{FAE04EC0-301F-11D3-BF4B-00C04F79EFBC}") = "OPTFS", "OPTFS\OPTFS.csproj", "{F8A8BC2E-7DE0-48A9-BF92-E63ADF49FE40}"
EndProject
Global
	GlobalSection(SolutionConfigurationPlatforms) = preSolution
		Debug|Any CPU = Debug|Any CPU
		Release|Any CPU = Release|Any CPU
	EndGlobalSection
	GlobalSection(ProjectConfigurationPlatforms) = postSolution
		{F8A8BC2E-7DE0-48A9-BF92-E63ADF49FE40}.Debug|Any CPU.ActiveCfg = Debug|Any CPU
		{F8A8BC2E-7DE0-48A9-BF92-E63ADF49FE40}.Debug|Any CPU.Build.0 = Debug|Any CPU
		{F8A8BC2E-7DE0-48A9-BF92-E63ADF49FE40}.Release|Any CPU.ActiveCfg = Release|Any CPU
		{F8A8BC2E-7DE0-48A9-BF92-E63ADF49FE40}.Release|Any CPU.Build.0 = Release|Any CPU
	EndGlobalSection
	GlobalSection(SolutionProperties) = preSolution
		HideSolutionNode = FALSE
	EndGlobalSection
	GlobalSection(ExtensibilityGlobals) = postSolution
		SolutionGuid = {BD579A23-F99A-411E-A402-A0167D4AE9A0}
	EndGlobalSection
EndGlobal
